
Microsoft Visual Studio Solution File, Format Version 12.00
# Visual Studio 15
VisualStudioVersion = 15.0.28010.2036
MinimumVisualStudioVersion = 10.0.40219.1
Project("{FAE04EC0-301F-11D3-BF4B-00C04F79EFBC}") = "Roulette", "Roulette\Roulette.csproj", "{73335BF0-8418-4027-B074-EE3A8CE63565}"
EndProject
Global
	GlobalSection(SolutionConfigurationPlatforms) = preSolution
		Debug|Any CPU = Debug|Any CPU
		Release|Any CPU = Release|Any CPU
	EndGlobalSection
	GlobalSection(ProjectConfigurationPlatforms) = postSolution
		{73335BF0-8418-4027-B074-EE3A8CE63565}.Debug|Any CPU.ActiveCfg = Debug|Any CPU
		{73335BF0-8418-4027-B074-EE3A8CE63565}.Debug|Any CPU.Build.0 = Debug|Any CPU
		{73335BF0-8418-4027-B074-EE3A8CE63565}.Release|Any CPU.ActiveCfg = Release|Any CPU
		{73335BF0-8418-4027-B074-EE3A8CE63565}.Release|Any CPU.Build.0 = Release|Any CPU
	EndGlobalSection
	GlobalSection(SolutionProperties) = preSolution
		HideSolutionNode = FALSE
	EndGlobalSection
	GlobalSection(ExtensibilityGlobals) = postSolution
		SolutionGuid = {FF055957-23C5-40CA-B88B-AC1A1975A075}
	EndGlobalSection
EndGlobal
